
Microsoft Visual Studio Solution File, Format Version 12.00
# Visual Studio Version 16
VisualStudioVersion = 16.0.33423.256
MinimumVisualStudioVersion = 10.0.40219.1
Project("{FAE04EC0-301F-11D3-BF4B-00C04F79EFBC}") = "Xamarin2018.UWP", "Xamarin2018\Xamarin2018.UWP\Xamarin2018.UWP.csproj", "{A95A8130-5E80-4270-8BB0-ACC16BE4E5EE}"
EndProject
Project("{FAE04EC0-301F-11D3-BF4B-00C04F79EFBC}") = "Xamarin2018.Android", "Xamarin2018\Xamarin2018.Android\Xamarin2018.Android.csproj", "{C7FF84CD-B606-4826-B709-9B3F6198BC86}"
EndProject
Project("{FAE04EC0-301F-11D3-BF4B-00C04F79EFBC}") = "Xamarin2018.iOS", "Xamarin2018\Xamarin2018.iOS\Xamarin2018.iOS.csproj", "{A07BD8A9-596F-4335-ABA0-E1C0A373D7BE}"
EndProject
Project("{FAE04EC0-301F-11D3-BF4B-00C04F79EFBC}") = "Xamarin2018", "Xamarin2018\Xamarin2018\Xamarin2018.csproj", "{B95383E1-D07B-41A3-8867-6A063C36B2D6}"
EndProject
Global
	GlobalSection(SolutionConfigurationPlatforms) = preSolution
		Debug|Any CPU = Debug|Any CPU
		Debug|ARM = Debug|ARM
		Debug|iPhone = Debug|iPhone
		Debug|iPhoneSimulator = Debug|iPhoneSimulator
		Debug|x64 = Debug|x64
		Debug|x86 = Debug|x86
		Release|Any CPU = Release|Any CPU
		Release|ARM = Release|ARM
		Release|iPhone = Release|iPhone
		Release|iPhoneSimulator = Release|iPhoneSimulator
		Release|x64 = Release|x64
		Release|x86 = Release|x86
	EndGlobalSection
	GlobalSection(ProjectConfigurationPlatforms) = postSolution
		{A95A8130-5E80-4270-8BB0-ACC16BE4E5EE}.Debug|Any CPU.ActiveCfg = Debug|x86
		{A95A8130-5E80-4270-8BB0-ACC16BE4E5EE}.Debug|Any CPU.Build.0 = Debug|x86
		{A95A8130-5E80-4270-8BB0-ACC16BE4E5EE}.Debug|Any CPU.Deploy.0 = Debug|x86
		{A95A8130-5E80-4270-8BB0-ACC16BE4E5EE}.Debug|ARM.ActiveCfg = Debug|ARM
		{A95A8130-5E80-4270-8BB0-ACC16BE4E5EE}.Debug|ARM.Build.0 = Debug|ARM
		{A95A8130-5E80-4270-8BB0-ACC16BE4E5EE}.Debug|ARM.Deploy.0 = Debug|ARM
		{A95A8130-5E80-4270-8BB0-ACC16BE4E5EE}.Debug|iPhone.ActiveCfg = Debug|x86
		{A95A8130-5E80-4270-8BB0-ACC16BE4E5EE}.Debug|iPhone.Build.0 = Debug|x86
		{A95A8130-5E80-4270-8BB0-ACC16BE4E5EE}.Debug|iPhone.Deploy.0 = Debug|x86
		{A95A8130-5E80-4270-8BB0-ACC16BE4E5EE}.Debug|iPhoneSimulator.ActiveCfg = Debug|x86
		{A95A8130-5E80-4270-8BB0-ACC16BE4E5EE}.Debug|iPhoneSimulator.Build.0 = Debug|x86
		{A95A8130-5E80-4270-8BB0-ACC16BE4E5EE}.Debug|iPhoneSimulator.Deploy.0 = Debug|x86
		{A95A8130-5E80-4270-8BB0-ACC16BE4E5EE}.Debug|x64.ActiveCfg = Debug|x64
		{A95A8130-5E80-4270-8BB0-ACC16BE4E5EE}.Debug|x64.Build.0 = Debug|x64
		{A95A8130-5E80-4270-8BB0-ACC16BE4E5EE}.Debug|x64.Deploy.0 = Debug|x64
		{A95A8130-5E80-4270-8BB0-ACC16BE4E5EE}.Debug|x86.ActiveCfg = Debug|x86
		{A95A8130-5E80-4270-8BB0-ACC16BE4E5EE}.Debug|x86.Build.0 = Debug|x86
		{A95A8130-5E80-4270-8BB0-ACC16BE4E5EE}.Debug|x86.Deploy.0 = Debug|x86
		{A95A8130-5E80-4270-8BB0-ACC16BE4E5EE}.Release|Any CPU.ActiveCfg = Release|x86
		{A95A8130-5E80-4270-8BB0-ACC16BE4E5EE}.Release|Any CPU.Build.0 = Release|x86
		{A95A8130-5E80-4270-8BB0-ACC16BE4E5EE}.Release|Any CPU.Deploy.0 = Release|x86
		{A95A8130-5E80-4270-8BB0-ACC16BE4E5EE}.Release|ARM.ActiveCfg = Release|ARM
		{A95A8130-5E80-4270-8BB0-ACC16BE4E5EE}.Release|ARM.Build.0 = Release|ARM
		{A95A8130-5E80-4270-8BB0-ACC16BE4E5EE}.Release|ARM.Deploy.0 = Release|ARM
		{A95A8130-5E80-4270-8BB0-ACC16BE4E5EE}.Release|iPhone.ActiveCfg = Release|x86
		{A95A8130-5E80-4270-8BB0-ACC16BE4E5EE}.Release|iPhone.Build.0 = Release|x86
		{A95A8130-5E80-4270-8BB0-ACC16BE4E5EE}.Release|iPhone.Deploy.0 = Release|x86
		{A95A8130-5E80-4270-8BB0-ACC16BE4E5EE}.Release|iPhoneSimulator.ActiveCfg = Release|x86
		{A95A8130-5E80-4270-8BB0-ACC16BE4E5EE}.Release|iPhoneSimulator.Build.0 = Release|x86
		{A95A8130-5E80-4270-8BB0-ACC16BE4E5EE}.Release|iPhoneSimulator.Deploy.0 = Release|x86
		{A95A8130-5E80-4270-8BB0-ACC16BE4E5EE}.Release|x64.ActiveCfg = Release|x64
		{A95A8130-5E80-4270-8BB0-ACC16BE4E5EE}.Release|x64.Build.0 = Release|x64
		{A95A8130-5E80-4270-8BB0-ACC16BE4E5EE}.Release|x64.Deploy.0 = Release|x64
		{A95A8130-5E80-4270-8BB0-ACC16BE4E5EE}.Release|x86.ActiveCfg = Release|x86
		{A95A8130-5E80-4270-8BB0-ACC16BE4E5EE}.Release|x86.Build.0 = Release|x86
		{A95A8130-5E80-4270-8BB0-ACC16BE4E5EE}.Release|x86.Deploy.0 = Release|x86
		{C7FF84CD-B606-4826-B709-9B3F6198BC86}.Debug|Any CPU.ActiveCfg = Debug|Any CPU
		{C7FF84CD-B606-4826-B709-9B3F6198BC86}.Debug|Any CPU.Build.0 = Debug|Any CPU
		{C7FF84CD-B606-4826-B709-9B3F6198BC86}.Debug|Any CPU.Deploy.0 = Debug|Any CPU
		{C7FF84CD-B606-4826-B709-9B3F6198BC86}.Debug|ARM.ActiveCfg = Debug|Any CPU
		{C7FF84CD-B606-4826-B709-9B3F6198BC86}.Debug|ARM.Build.0 = Debug|Any CPU
		{C7FF84CD-B606-4826-B709-9B3F6198BC86}.Debug|ARM.Deploy.0 = Debug|Any CPU
		{C7FF84CD-B606-4826-B709-9B3F6198BC86}.Debug|iPhone.ActiveCfg = Debug|Any CPU
		{C7FF84CD-B606-4826-B709-9B3F6198BC86}.Debug|iPhone.Build.0 = Debug|Any CPU
		{C7FF84CD-B606-4826-B709-9B3F6198BC86}.Debug|iPhone.Deploy.0 = Debug|Any CPU
		{C7FF84CD-B606-4826-B709-9B3F6198BC86}.Debug|iPhoneSimulator.ActiveCfg = Debug|Any CPU
		{C7FF84CD-B606-4826-B709-9B3F6198BC86}.Debug|iPhoneSimulator.Build.0 = Debug|Any CPU
		{C7FF84CD-B606-4826-B709-9B3F6198BC86}.Debug|iPhoneSimulator.Deploy.0 = Debug|Any CPU
		{C7FF84CD-B606-4826-B709-9B3F6198BC86}.Debug|x64.ActiveCfg = Debug|Any CPU
		{C7FF84CD-B606-4826-B709-9B3F6198BC86}.Debug|x64.Build.0 = Debug|Any CPU
		{C7FF84CD-B606-4826-B709-9B3F6198BC86}.Debug|x64.Deploy.0 = Debug|Any CPU
		{C7FF84CD-B606-4826-B709-9B3F6198BC86}.Debug|x86.ActiveCfg = Debug|Any CPU
		{C7FF84CD-B606-4826-B709-9B3F6198BC86}.Debug|x86.Build.0 = Debug|Any CPU
		{C7FF84CD-B606-4826-B709-9B3F6198BC86}.Debug|x86.Deploy.0 = Debug|Any CPU
		{C7FF84CD-B606-4826-B709-9B3F6198BC86}.Release|Any CPU.ActiveCfg = Release|Any CPU
		{C7FF84CD-B606-4826-B709-9B3F6198BC86}.Release|Any CPU.Build.0 = Release|Any CPU
		{C7FF84CD-B606-4826-B709-9B3F6198BC86}.Release|Any CPU.Deploy.0 = Release|Any CPU
		{C7FF84CD-B606-4826-B709-9B3F6198BC86}.Release|ARM.ActiveCfg = Release|Any CPU
		{C7FF84CD-B606-4826-B709-9B3F6198BC86}.Release|ARM.Build.0 = Release|Any CPU
		{C7FF84CD-B606-4826-B709-9B3F6198BC86}.Release|ARM.Deploy.0 = Release|Any CPU
		{C7FF84CD-B606-4826-B709-9B3F6198BC86}.Release|iPhone.ActiveCfg = Release|Any CPU
		{C7FF84CD-B606-4826-B709-9B3F6198BC86}.Release|iPhone.Build.0 = Release|Any CPU
		{C7FF84CD-B606-4826-B709-9B3F6198BC86}.Release|iPhone.Deploy.0 = Release|Any CPU
		{C7FF84CD-B606-4826-B709-9B3F6198BC86}.Release|iPhoneSimulator.ActiveCfg = Release|Any CPU
		{C7FF84CD-B606-4826-B709-9B3F6198BC86}.Release|iPhoneSimulator.Build.0 = Release|Any CPU
		{C7FF84CD-B606-4826-B709-9B3F6198BC86}.Release|iPhoneSimulator.Deploy.0 = Release|Any CPU
		{C7FF84CD-B606-4826-B709-9B3F6198BC86}.Release|x64.ActiveCfg = Release|Any CPU
		{C7FF84CD-B606-4826-B709-9B3F6198BC86}.Release|x64.Build.0 = Release|Any CPU
		{C7FF84CD-B606-4826-B709-9B3F6198BC86}.Release|x64.Deploy.0 = Release|Any CPU
		{C7FF84CD-B606-4826-B709-9B3F6198BC86}.Release|x86.ActiveCfg = Release|Any CPU
		{C7FF84CD-B606-4826-B709-9B3F6198BC86}.Release|x86.Build.0 = Release|Any CPU
		{C7FF84CD-B606-4826-B709-9B3F6198BC86}.Release|x86.Deploy.0 = Release|Any CPU
		{A07BD8A9-596F-4335-ABA0-E1C0A373D7BE}.Debug|Any CPU.ActiveCfg = Debug|iPhoneSimulator
		{A07BD8A9-596F-4335-ABA0-E1C0A373D7BE}.Debug|Any CPU.Build.0 = Debug|iPhoneSimulator
		{A07BD8A9-596F-4335-ABA0-E1C0A373D7BE}.Debug|Any CPU.Deploy.0 = Debug|iPhoneSimulator
		{A07BD8A9-596F-4335-ABA0-E1C0A373D7BE}.Debug|ARM.ActiveCfg = Debug|iPhone
		{A07BD8A9-596F-4335-ABA0-E1C0A373D7BE}.Debug|ARM.Build.0 = Debug|iPhone
		{A07BD8A9-596F-4335-ABA0-E1C0A373D7BE}.Debug|ARM.Deploy.0 = Debug|iPhone
		{A07BD8A9-596F-4335-ABA0-E1C0A373D7BE}.Debug|iPhone.ActiveCfg = Debug|iPhone
		{A07BD8A9-596F-4335-ABA0-E1C0A373D7BE}.Debug|iPhone.Build.0 = Debug|iPhone
		{A07BD8A9-596F-4335-ABA0-E1C0A373D7BE}.Debug|iPhone.Deploy.0 = Debug|iPhone
		{A07BD8A9-596F-4335-ABA0-E1C0A373D7BE}.Debug|iPhoneSimulator.ActiveCfg = Debug|iPhoneSimulator
		{A07BD8A9-596F-4335-ABA0-E1C0A373D7BE}.Debug|iPhoneSimulator.Build.0 = Debug|iPhoneSimulator
		{A07BD8A9-596F-4335-ABA0-E1C0A373D7BE}.Debug|iPhoneSimulator.Deploy.0 = Debug|iPhoneSimulator
		{A07BD8A9-596F-4335-ABA0-E1C0A373D7BE}.Debug|x64.ActiveCfg = Debug|iPhoneSimulator
		{A07BD8A9-596F-4335-ABA0-E1C0A373D7BE}.Debug|x64.Build.0 = Debug|iPhoneSimulator
		{A07BD8A9-596F-4335-ABA0-E1C0A373D7BE}.Debug|x64.Deploy.0 = Debug|iPhoneSimulator
		{A07BD8A9-596F-4335-ABA0-E1C0A373D7BE}.Debug|x86.ActiveCfg = Debug|iPhoneSimulator
		{A07BD8A9-596F-4335-ABA0-E1C0A373D7BE}.Debug|x86.Build.0 = Debug|iPhoneSimulator
		{A07BD8A9-596F-4335-ABA0-E1C0A373D7BE}.Debug|x86.Deploy.0 = Debug|iPhoneSimulator
		{A07BD8A9-596F-4335-ABA0-E1C0A373D7BE}.Release|Any CPU.ActiveCfg = Release|iPhoneSimulator
		{A07BD8A9-596F-4335-ABA0-E1C0A373D7BE}.Release|Any CPU.Build.0 = Release|iPhoneSimulator
		{A07BD8A9-596F-4335-ABA0-E1C0A373D7BE}.Release|Any CPU.Deploy.0 = Release|iPhoneSimulator
		{A07BD8A9-596F-4335-ABA0-E1C0A373D7BE}.Release|ARM.ActiveCfg = Release|iPhoneSimulator
		{A07BD8A9-596F-4335-ABA0-E1C0A373D7BE}.Release|ARM.Build.0 = Release|iPhoneSimulator
		{A07BD8A9-596F-4335-ABA0-E1C0A373D7BE}.Release|ARM.Deploy.0 = Release|iPhoneSimulator
		{A07BD8A9-596F-4335-ABA0-E1C0A373D7BE}.Release|iPhone.ActiveCfg = Release|iPhone
		{A07BD8A9-596F-4335-ABA0-E1C0A373D7BE}.Release|iPhone.Build.0 = Release|iPhone
		{A07BD8A9-596F-4335-ABA0-E1C0A373D7BE}.Release|iPhone.Deploy.0 = Release|iPhone
		{A07BD8A9-596F-4335-ABA0-E1C0A373D7BE}.Release|iPhoneSimulator.ActiveCfg = Release|iPhoneSimulator
		{A07BD8A9-596F-4335-ABA0-E1C0A373D7BE}.Release|iPhoneSimulator.Build.0 = Release|iPhoneSimulator
		{A07BD8A9-596F-4335-ABA0-E1C0A373D7BE}.Release|iPhoneSimulator.Deploy.0 = Release|iPhoneSimulator
		{A07BD8A9-596F-4335-ABA0-E1C0A373D7BE}.Release|x64.ActiveCfg = Release|iPhoneSimulator
		{A07BD8A9-596F-4335-ABA0-E1C0A373D7BE}.Release|x64.Build.0 = Release|iPhoneSimulator
		{A07BD8A9-596F-4335-ABA0-E1C0A373D7BE}.Release|x64.Deploy.0 = Release|iPhoneSimulator
		{A07BD8A9-596F-4335-ABA0-E1C0A373D7BE}.Release|x86.ActiveCfg = Release|iPhoneSimulator
		{A07BD8A9-596F-4335-ABA0-E1C0A373D7BE}.Release|x86.Build.0 = Release|iPhoneSimulator
		{A07BD8A9-596F-4335-ABA0-E1C0A373D7BE}.Release|x86.Deploy.0 = Release|iPhoneSimulator
		{B95383E1-D07B-41A3-8867-6A063C36B2D6}.Debug|Any CPU.ActiveCfg = Debug|Any CPU
		{B95383E1-D07B-41A3-8867-6A063C36B2D6}.Debug|Any CPU.Build.0 = Debug|Any CPU
		{B95383E1-D07B-41A3-8867-6A063C36B2D6}.Debug|Any CPU.Deploy.0 = Debug|Any CPU
		{B95383E1-D07B-41A3-8867-6A063C36B2D6}.Debug|ARM.ActiveCfg = Debug|Any CPU
		{B95383E1-D07B-41A3-8867-6A063C36B2D6}.Debug|ARM.Build.0 = Debug|Any CPU
		{B95383E1-D07B-41A3-8867-6A063C36B2D6}.Debug|ARM.Deploy.0 = Debug|Any CPU
		{B95383E1-D07B-41A3-8867-6A063C36B2D6}.Debug|iPhone.ActiveCfg = Debug|Any CPU
		{B95383E1-D07B-41A3-8867-6A063C36B2D6}.Debug|iPhone.Build.0 = Debug|Any CPU
		{B95383E1-D07B-41A3-8867-6A063C36B2D6}.Debug|iPhone.Deploy.0 = Debug|Any CPU
		{B95383E1-D07B-41A3-8867-6A063C36B2D6}.Debug|iPhoneSimulator.ActiveCfg = Debug|Any CPU
		{B95383E1-D07B-41A3-8867-6A063C36B2D6}.Debug|iPhoneSimulator.Build.0 = Debug|Any CPU
		{B95383E1-D07B-41A3-8867-6A063C36B2D6}.Debug|iPhoneSimulator.Deploy.0 = Debug|Any CPU
		{B95383E1-D07B-41A3-8867-6A063C36B2D6}.Debug|x64.ActiveCfg = Debug|Any CPU
		{B95383E1-D07B-41A3-8867-6A063C36B2D6}.Debug|x64.Build.0 = Debug|Any CPU
		{B95383E1-D07B-41A3-8867-6A063C36B2D6}.Debug|x64.Deploy.0 = Debug|Any CPU
		{B95383E1-D07B-41A3-8867-6A063C36B2D6}.Debug|x86.ActiveCfg = Debug|Any CPU
		{B95383E1-D07B-41A3-8867-6A063C36B2D6}.Debug|x86.Build.0 = Debug|Any CPU
		{B95383E1-D07B-41A3-8867-6A063C36B2D6}.Debug|x86.Deploy.0 = Debug|Any CPU
		{B95383E1-D07B-41A3-8867-6A063C36B2D6}.Release|Any CPU.ActiveCfg = Release|Any CPU
		{B95383E1-D07B-41A3-8867-6A063C36B2D6}.Release|Any CPU.Build.0 = Release|Any CPU
		{B95383E1-D07B-41A3-8867-6A063C36B2D6}.Release|Any CPU.Deploy.0 = Release|Any CPU
		{B95383E1-D07B-41A3-8867-6A063C36B2D6}.Release|ARM.ActiveCfg = Release|Any CPU
		{B95383E1-D07B-41A3-8867-6A063C36B2D6}.Release|ARM.Build.0 = Release|Any CPU
		{B95383E1-D07B-41A3-8867-6A063C36B2D6}.Release|ARM.Deploy.0 = Release|Any CPU
		{B95383E1-D07B-41A3-8867-6A063C36B2D6}.Release|iPhone.ActiveCfg = Release|Any CPU
		{B95383E1-D07B-41A3-8867-6A063C36B2D6}.Release|iPhone.Build.0 = Release|Any CPU
		{B95383E1-D07B-41A3-8867-6A063C36B2D6}.Release|iPhone.Deploy.0 = Release|Any CPU
		{B95383E1-D07B-41A3-8867-6A063C36B2D6}.Release|iPhoneSimulator.ActiveCfg = Release|Any CPU
		{B95383E1-D07B-41A3-8867-6A063C36B2D6}.Release|iPhoneSimulator.Build.0 = Release|Any CPU
		{B95383E1-D07B-41A3-8867-6A063C36B2D6}.Release|iPhoneSimulator.Deploy.0 = Release|Any CPU
		{B95383E1-D07B-41A3-8867-6A063C36B2D6}.Release|x64.ActiveCfg = Release|Any CPU
		{B95383E1-D07B-41A3-8867-6A063C36B2D6}.Release|x64.Build.0 = Release|Any CPU
		{B95383E1-D07B-41A3-8867-6A063C36B2D6}.Release|x64.Deploy.0 = Release|Any CPU
		{B95383E1-D07B-41A3-8867-6A063C36B2D6}.Release|x86.ActiveCfg = Release|Any CPU
		{B95383E1-D07B-41A3-8867-6A063C36B2D6}.Release|x86.Build.0 = Release|Any CPU
		{B95383E1-D07B-41A3-8867-6A063C36B2D6}.Release|x86.Deploy.0 = Release|Any CPU
	EndGlobalSection
	GlobalSection(SolutionProperties) = preSolution
		HideSolutionNode = FALSE
	EndGlobalSection
	GlobalSection(ExtensibilityGlobals) = postSolution
		SolutionGuid = {DA6DD42B-6484-465F-9112-98C49A0CAE5F}
	EndGlobalSection
EndGlobal
